
Microsoft Visual Studio Solution File, Format Version 12.00
# Visual Studio Version 16
VisualStudioVersion = 16.0.31205.134
MinimumVisualStudioVersion = 10.0.40219.1
Project("{FAE04EC0-301F-11D3-BF4B-00C04F79EFBC}") = "Monefy-WPF", "Monefy-WPF\Monefy-WPF.csproj", "{194F6E0D-AC18-4478-AABF-750A8F66FA61}"
EndProject
Global
	GlobalSection(SolutionConfigurationPlatforms) = preSolution
		Debug|Any CPU = Debug|Any CPU
		Release|Any CPU = Release|Any CPU
	EndGlobalSection
	GlobalSection(ProjectConfigurationPlatforms) = postSolution
		{194F6E0D-AC18-4478-AABF-750A8F66FA61}.Debug|Any CPU.ActiveCfg = Debug|Any CPU
		{194F6E0D-AC18-4478-AABF-750A8F66FA61}.Debug|Any CPU.Build.0 = Debug|Any CPU
		{194F6E0D-AC18-4478-AABF-750A8F66FA61}.Release|Any CPU.ActiveCfg = Release|Any CPU
		{194F6E0D-AC18-4478-AABF-750A8F66FA61}.Release|Any CPU.Build.0 = Release|Any CPU
	EndGlobalSection
	GlobalSection(SolutionProperties) = preSolution
		HideSolutionNode = FALSE
	EndGlobalSection
	GlobalSection(ExtensibilityGlobals) = postSolution
		SolutionGuid = {7D44A930-8F02-4540-A087-F0103AA71505}
	EndGlobalSection
EndGlobal
